github.com/google/go-querystring v0.0.0-20150414214848-547ef5ac9797 h1:XScp/7K55BJWgFeKalWP/2XvaRdhhhNJBOSQuFMS8mE=
github.com/google/go-querystring v0.0.0-20150414214848-547ef5ac9797/go.mod h1:odCYkC5MyYFN7vkCjXpyrEuKhc/BUO6wN/zVPAxq5ck=
github.com/gorilla/schema v0.0.0-20150820051628-83d18c92c931 h1:VUYnWzv8D84DRwXHPHvJRA9j+NxHKTpA/evjPrNeW5w=
github.com/gorilla/schema v0.0.0-20150820051628-83d18c92c931/go.mod h1:kgLaKoK1FELgZqMAVxx/5cbj0kT+57qxUrAlIO2eleU=
